
Microsoft Visual Studio Solution File, Format Version 12.00
# Visual Studio Version 16
VisualStudioVersion = 25.0.1704.2
MinimumVisualStudioVersion = 10.0.40219.1
Project("{FAE04EC0-301F-11D3-BF4B-00C04F79EFBC}") = "new try 1", "new try 1\new try 1.csproj", "{50A35E09-C137-4F7B-93D0-C265A1BF0239}"
EndProject
Global
	GlobalSection(SolutionConfigurationPlatforms) = preSolution
		Debug|Any CPU = Debug|Any CPU
		Release|Any CPU = Release|Any CPU
	EndGlobalSection
	GlobalSection(ProjectConfigurationPlatforms) = postSolution
		{50A35E09-C137-4F7B-93D0-C265A1BF0239}.Debug|Any CPU.ActiveCfg = Debug|Any CPU
		{50A35E09-C137-4F7B-93D0-C265A1BF0239}.Debug|Any CPU.Build.0 = Debug|Any CPU
		{50A35E09-C137-4F7B-93D0-C265A1BF0239}.Release|Any CPU.ActiveCfg = Release|Any CPU
		{50A35E09-C137-4F7B-93D0-C265A1BF0239}.Release|Any CPU.Build.0 = Release|Any CPU
	EndGlobalSection
	GlobalSection(SolutionProperties) = preSolution
		HideSolutionNode = FALSE
	EndGlobalSection
	GlobalSection(ExtensibilityGlobals) = postSolution
		SolutionGuid = {C7B92C1E-E327-4F18-ABA2-2B8EFF455FB7}
	EndGlobalSection
EndGlobal
